
Microsoft Visual Studio Solution File, Format Version 12.00
# Visual Studio Version 16
VisualStudioVersion = 16.0.30907.101
MinimumVisualStudioVersion = 10.0.40219.1
Project("{FAE04EC0-301F-11D3-BF4B-00C04F79EFBC}") = "PTPMQL", "PTPMQL\PTPMQL.csproj", "{CEBBDDF2-D271-4869-8FFF-1BE23E828164}"
EndProject
Global
	GlobalSection(SolutionConfigurationPlatforms) = preSolution
		Debug|Any CPU = Debug|Any CPU
		Release|Any CPU = Release|Any CPU
	EndGlobalSection
	GlobalSection(ProjectConfigurationPlatforms) = postSolution
		{CEBBDDF2-D271-4869-8FFF-1BE23E828164}.Debug|Any CPU.ActiveCfg = Debug|Any CPU
		{CEBBDDF2-D271-4869-8FFF-1BE23E828164}.Debug|Any CPU.Build.0 = Debug|Any CPU
		{CEBBDDF2-D271-4869-8FFF-1BE23E828164}.Release|Any CPU.ActiveCfg = Release|Any CPU
		{CEBBDDF2-D271-4869-8FFF-1BE23E828164}.Release|Any CPU.Build.0 = Release|Any CPU
	EndGlobalSection
	GlobalSection(SolutionProperties) = preSolution
		HideSolutionNode = FALSE
	EndGlobalSection
	GlobalSection(ExtensibilityGlobals) = postSolution
		SolutionGuid = {90D748D6-597E-4BCB-9989-4E7BB6EBDC9D}
	EndGlobalSection
EndGlobal
